// !$*UTF8*$!
{
	archiveVersion = 1;
	classes = {
	};
	objectVersion = 50;
	objects = {

/* Begin PBXBuildFile section */
		1D599831259C52E500C40E57 /* TreKApp.swift in Sources */ = {isa = PBXBuildFile; fileRef = 1D599830259C52E500C40E57 /* TreKApp.swift */; };
		1D599833259C52E500C40E57 /* ContentView.swift in Sources */ = {isa = PBXBuildFile; fileRef = 1D599832259C52E500C40E57 /* ContentView.swift */; };
		1D599835259C52E500C40E57 /* Assets.xcassets in Resources */ = {isa = PBXBuildFile; fileRef = 1D599834259C52E500C40E57 /* Assets.xcassets */; };
		1D599838259C52E500C40E57 /* Preview Assets.xcassets in Resources */ = {isa = PBXBuildFile; fileRef = 1D599837259C52E500C40E57 /* Preview Assets.xcassets */; };
		1D599843259C52E600C40E57 /* TreKTests.swift in Sources */ = {isa = PBXBuildFile; fileRef = 1D599842259C52E600C40E57 /* TreKTests.swift */; };
		1D59984E259C52E600C40E57 /* TreKUITests.swift in Sources */ = {isa = PBXBuildFile; fileRef = 1D59984D259C52E600C40E57 /* TreKUITests.swift */; };
/* End PBXBuildFile section */

/* Begin PBXContainerItemProxy section */
		1D59983F259C52E600C40E57 /* PBXContainerItemProxy */ = {
			isa = PBXContainerItemProxy;
			containerPortal = 1D599825259C52E500C40E57 /* Project object */;
			proxyType = 1;
			remoteGlobalIDString = 1D59982C259C52E500C40E57;
			remoteInfo = TreK;
		};
		1D59984A259C52E600C40E57 /* PBXContainerItemProxy */ = {
			isa = PBXContainerItemProxy;
			containerPortal = 1D599825259C52E500C40E57 /* Project object */;
			proxyType = 1;
			remoteGlobalIDString = 1D59982C259C52E500C40E57;
			remoteInfo = TreK;
		};
/* End PBXContainerItemProxy section */

/* Begin PBXFileReference section */
		1D59982D259C52E500C40E57 /* TreK.app */ = {isa = PBXFileReference; explicitFileType = wrapper.application; includeInIndex = 0; path = TreK.app; sourceTree = BUILT_PRODUCTS_DIR; };
		1D599830259C52E500C40E57 /* TreKApp.swift */ = {isa = PBXFileReference; lastKnownFileType = sourcecode.swift; path = TreKApp.swift; sourceTree = "<group>"; };
		1D599832259C52E500C40E57 /* ContentView.swift */ = {isa = PBXFileReference; lastKnownFileType = sourcecode.swift; path = ContentView.swift; sourceTree = "<group>"; };
		1D599834259C52E500C40E57 /* Assets.xcassets */ = {isa = PBXFileReference; lastKnownFileType = folder.assetcatalog; path = Assets.xcassets; sourceTree = "<group>"; };
		1D599837259C52E500C40E57 /* Preview Assets.xcassets */ = {isa = PBXFileReference; lastKnownFileType = folder.assetcatalog; path = "Preview Assets.xcassets"; sourceTree = "<group>"; };
		1D599839259C52E500C40E57 /* Info.plist */ = {isa = PBXFileReference; lastKnownFileType = text.plist.xml; path = Info.plist; sourceTree = "<group>"; };
		1D59983E259C52E600C40E57 /* TreKTests.xctest */ = {isa = PBXFileReference; explicitFileType = wrapper.cfbundle; includeInIndex = 0; path = TreKTests.xctest; sourceTree = BUILT_PRODUCTS_DIR; };
		1D599842259C52E600C40E57 /* TreKTests.swift */ = {isa = PBXFileReference; lastKnownFileType = sourcecode.swift; path = TreKTests.swift; sourceTree = "<group>"; };
		1D599844259C52E600C40E57 /* Info.plist */ = {isa = PBXFileReference; lastKnownFileType = text.plist.xml; path = Info.plist; sourceTree = "<group>"; };
		1D599849259C52E600C40E57 /* TreKUITests.xctest */ = {isa = PBXFileReference; explicitFileType = wrapper.cfbundle; includeInIndex = 0; path = TreKUITests.xctest; sourceTree = BUILT_PRODUCTS_DIR; };
		1D59984D259C52E600C40E57 /* TreKUITests.swift */ = {isa = PBXFileReference; lastKnownFileType = sourcecode.swift; path = TreKUITests.swift; sourceTree = "<group>"; };
		1D59984F259C52E600C40E57 /* Info.plist */ = {isa = PBXFileReference; lastKnownFileType = text.plist.xml; path = Info.plist; sourceTree = "<group>"; };
/* End PBXFileReference section */

/* Begin PBXFrameworksBuildPhase section */
		1D59982A259C52E500C40E57 /* Frameworks */ = {
			isa = PBXFrameworksBuildPhase;
			buildActionMask = 2147483647;
			files = (
			);
			runOnlyForDeploymentPostprocessing = 0;
		};
		1D59983B259C52E600C40E57 /* Frameworks */ = {
			isa = PBXFrameworksBuildPhase;
			buildActionMask = 2147483647;
			files = (
			);
			runOnlyForDeploymentPostprocessing = 0;
		};
		1D599846259C52E600C40E57 /* Frameworks */ = {
			isa = PBXFrameworksBuildPhase;
			buildActionMask = 2147483647;
			files = (
			);
			runOnlyForDeploymentPostprocessing = 0;
		};
/* End PBXFrameworksBuildPhase section */

/* Begin PBXGroup section */
		1D599824259C52E500C40E57 = {
			isa = PBXGroup;
			children = (
				1D59982F259C52E500C40E57 /* TreK */,
				1D599841259C52E600C40E57 /* TreKTests */,
				1D59984C259C52E600C40E57 /* TreKUITests */,
				1D59982E259C52E500C40E57 /* Products */,
			);
			sourceTree = "<group>";
		};
		1D59982E259C52E500C40E57 /* Products */ = {
			isa = PBXGroup;
			children = (
				1D59982D259C52E500C40E57 /* TreK.app */,
				1D59983E259C52E600C40E57 /* TreKTests.xctest */,
				1D599849259C52E600C40E57 /* TreKUITests.xctest */,
			);
			name = Products;
			sourceTree = "<group>";
		};
		1D59982F259C52E500C40E57 /* TreK */ = {
			isa = PBXGroup;
			children = (
				1D599830259C52E500C40E57 /* TreKApp.swift */,
				1D599832259C52E500C40E57 /* ContentView.swift */,
				1D599834259C52E500C40E57 /* Assets.xcassets */,
				1D599839259C52E500C40E57 /* Info.plist */,
				1D599836259C52E500C40E57 /* Preview Content */,
			);
			path = TreK;
			sourceTree = "<group>";
		};
		1D599836259C52E500C40E57 /* Preview Content */ = {
			isa = PBXGroup;
			children = (
				1D599837259C52E500C40E57 /* Preview Assets.xcassets */,
			);
			path = "Preview Content";
			sourceTree = "<group>";
		};
		1D599841259C52E600C40E57 /* TreKTests */ = {
			isa = PBXGroup;
			children = (
				1D599842259C52E600C40E57 /* TreKTests.swift */,
				1D599844259C52E600C40E57 /* Info.plist */,
			);
			path = TreKTests;
			sourceTree = "<group>";
		};
		1D59984C259C52E600C40E57 /* TreKUITests */ = {
			isa = PBXGroup;
			children = (
				1D59984D259C52E600C40E57 /* TreKUITests.swift */,
				1D59984F259C52E600C40E57 /* Info.plist */,
			);
			path = TreKUITests;
			sourceTree = "<group>";
		};
/* End PBXGroup section */

/* Begin PBXNativeTarget section */
		1D59982C259C52E500C40E57 /* TreK */ = {
			isa = PBXNativeTarget;
			buildConfigurationList = 1D599852259C52E600C40E57 /* Build configuration list for PBXNativeTarget "TreK" */;
			buildPhases = (
				1D599829259C52E500C40E57 /* Sources */,
				1D59982A259C52E500C40E57 /* Frameworks */,
				1D59982B259C52E500C40E57 /* Resources */,
			);
			buildRules = (
			);
			dependencies = (
			);
			name = TreK;
			productName = TreK;
			productReference = 1D59982D259C52E500C40E57 /* TreK.app */;
			productType = "com.apple.product-type.application";
		};
		1D59983D259C52E600C40E57 /* TreKTests */ = {
			isa = PBXNativeTarget;
			buildConfigurationList = 1D599855259C52E600C40E57 /* Build configuration list for PBXNativeTarget "TreKTests" */;
			buildPhases = (
				1D59983A259C52E600C40E57 /* Sources */,
				1D59983B259C52E600C40E57 /* Frameworks */,
				1D59983C259C52E600C40E57 /* Resources */,
			);
			buildRules = (
			);
			dependencies = (
				1D599840259C52E600C40E57 /* PBXTargetDependency */,
			);
			name = TreKTests;
			productName = TreKTests;
			productReference = 1D59983E259C52E600C40E57 /* TreKTests.xctest */;
			productType = "com.apple.product-type.bundle.unit-test";
		};
		1D599848259C52E600C40E57 /* TreKUITests */ = {
			isa = PBXNativeTarget;
			buildConfigurationList = 1D599858259C52E600C40E57 /* Build configuration list for PBXNativeTarget "TreKUITests" */;
			buildPhases = (
				1D599845259C52E600C40E57 /* Sources */,
				1D599846259C52E600C40E57 /* Frameworks */,
				1D599847259C52E600C40E57 /* Resources */,
			);
			buildRules = (
			);
			dependencies = (
				1D59984B259C52E600C40E57 /* PBXTargetDependency */,
			);
			name = TreKUITests;
			productName = TreKUITests;
			productReference = 1D599849259C52E600C40E57 /* TreKUITests.xctest */;
			productType = "com.apple.product-type.bundle.ui-testing";
		};
/* End PBXNativeTarget section */

/* Begin PBXProject section */
		1D599825259C52E500C40E57 /* Project object */ = {
			isa = PBXProject;
			attributes = {
				LastSwiftUpdateCheck = 1230;
				LastUpgradeCheck = 1230;
				TargetAttributes = {
					1D59982C259C52E500C40E57 = {
						CreatedOnToolsVersion = 12.3;
					};
					1D59983D259C52E600C40E57 = {
						CreatedOnToolsVersion = 12.3;
						TestTargetID = 1D59982C259C52E500C40E57;
					};
					1D599848259C52E600C40E57 = {
						CreatedOnToolsVersion = 12.3;
						TestTargetID = 1D59982C259C52E500C40E57;
					};
				};
			};
			buildConfigurationList = 1D599828259C52E500C40E57 /* Build configuration list for PBXProject "TreK" */;
			compatibilityVersion = "Xcode 9.3";
			developmentRegion = en;
			hasScannedForEncodings = 0;
			knownRegions = (
				en,
				Base,
			);
			mainGroup = 1D599824259C52E500C40E57;
			productRefGroup = 1D59982E259C52E500C40E57 /* Products */;
			projectDirPath = "";
			projectRoot = "";
			targets = (
				1D59982C259C52E500C40E57 /* TreK */,
				1D59983D259C52E600C40E57 /* TreKTests */,
				1D599848259C52E600C40E57 /* TreKUITests */,
			);
		};
/* End PBXProject section */

/* Begin PBXResourcesBuildPhase section */
		1D59982B259C52E500C40E57 /* Resources */ = {
			isa = PBXResourcesBuildPhase;
			buildActionMask = 2147483647;
			files = (
				1D599838259C52E500C40E57 /* Preview Assets.xcassets in Resources */,
				1D599835259C52E500C40E57 /* Assets.xcassets in Resources */,
			);
			runOnlyForDeploymentPostprocessing = 0;
		};
		1D59983C259C52E600C40E57 /* Resources */ = {
			isa = PBXResourcesBuildPhase;
			buildActionMask = 2147483647;
			files = (
			);
			runOnlyForDeploymentPostprocessing = 0;
		};
		1D599847259C52E600C40E57 /* Resources */ = {
			isa = PBXResourcesBuildPhase;
			buildActionMask = 2147483647;
			files = (
			);
			runOnlyForDeploymentPostprocessing = 0;
		};
/* End PBXResourcesBuildPhase section */

/* Begin PBXSourcesBuildPhase section */
		1D599829259C52E500C40E57 /* Sources */ = {
			isa = PBXSourcesBuildPhase;
			buildActionMask = 2147483647;
			files = (
				1D599833259C52E500C40E57 /* ContentView.swift in Sources */,
				1D599831259C52E500C40E57 /* TreKApp.swift in Sources */,
			);
			runOnlyForDeploymentPostprocessing = 0;
		};
		1D59983A259C52E600C40E57 /* Sources */ = {
			isa = PBXSourcesBuildPhase;
			buildActionMask = 2147483647;
			files = (
				1D599843259C52E600C40E57 /* TreKTests.swift in Sources */,
			);
			runOnlyForDeploymentPostprocessing = 0;
		};
		1D599845259C52E600C40E57 /* Sources */ = {
			isa = PBXSourcesBuildPhase;
			buildActionMask = 2147483647;
			files = (
				1D59984E259C52E600C40E57 /* TreKUITests.swift in Sources */,
			);
			runOnlyForDeploymentPostprocessing = 0;
		};
/* End PBXSourcesBuildPhase section */

/* Begin PBXTargetDependency section */
		1D599840259C52E600C40E57 /* PBXTargetDependency */ = {
			isa = PBXTargetDependency;
			target = 1D59982C259C52E500C40E57 /* TreK */;
			targetProxy = 1D59983F259C52E600C40E57 /* PBXContainerItemProxy */;
		};
		1D59984B259C52E600C40E57 /* PBXTargetDependency */ = {
			isa = PBXTargetDependency;
			target = 1D59982C259C52E500C40E57 /* TreK */;
			targetProxy = 1D59984A259C52E600C40E57 /* PBXContainerItemProxy */;
		};
/* End PBXTargetDependency section */

/* Begin XCBuildConfiguration section */
		1D599850259C52E600C40E57 /* Debug */ = {
			isa = XCBuildConfiguration;
			buildSettings = {
				ALWAYS_SEARCH_USER_PATHS = NO;
				CLANG_ANALYZER_NONNULL = YES;
				CLANG_ANALYZER_NUMBER_OBJECT_CONVERSION = YES_AGGRESSIVE;
				CLANG_CXX_LANGUAGE_STANDARD = "gnu++14";
				CLANG_CXX_LIBRARY = "libc++";
				CLANG_ENABLE_MODULES = YES;
				CLANG_ENABLE_OBJC_ARC = YES;
				CLANG_ENABLE_OBJC_WEAK = YES;
				CLANG_WARN_BLOCK_CAPTURE_AUTORELEASING = YES;
				CLANG_WARN_BOOL_CONVERSION = YES;
				CLANG_WARN_COMMA = YES;
				CLANG_WARN_CONSTANT_CONVERSION = YES;
				CLANG_WARN_DEPRECATED_OBJC_IMPLEMENTATIONS = YES;
				CLANG_WARN_DIRECT_OBJC_ISA_USAGE = YES_ERROR;
				CLANG_WARN_DOCUMENTATION_COMMENTS = YES;
				CLANG_WARN_EMPTY_BODY = YES;
				CLANG_WARN_ENUM_CONVERSION = YES;
				CLANG_WARN_INFINITE_RECURSION = YES;
				CLANG_WARN_INT_CONVERSION = YES;
				CLANG_WARN_NON_LITERAL_NULL_CONVERSION = YES;
				CLANG_WARN_OBJC_IMPLICIT_RETAIN_SELF = YES;
				CLANG_WARN_OBJC_LITERAL_CONVERSION = YES;
				CLANG_WARN_OBJC_ROOT_CLASS = YES_ERROR;
				CLANG_WARN_QUOTED_INCLUDE_IN_FRAMEWORK_HEADER = YES;
				CLANG_WARN_RANGE_LOOP_ANALYSIS = YES;
				CLANG_WARN_STRICT_PROTOTYPES = YES;
				CLANG_WARN_SUSPICIOUS_MOVE = YES;
				CLANG_WARN_UNGUARDED_AVAILABILITY = YES_AGGRESSIVE;
				CLANG_WARN_UNREACHABLE_CODE = YES;
				CLANG_WARN__DUPLICATE_METHOD_MATCH = YES;
				COPY_PHASE_STRIP = NO;
				DEBUG_INFORMATION_FORMAT = dwarf;
				ENABLE_STRICT_OBJC_MSGSEND = YES;
				ENABLE_TESTABILITY = YES;
				GCC_C_LANGUAGE_STANDARD = gnu11;
				GCC_DYNAMIC_NO_PIC = NO;
				GCC_NO_COMMON_BLOCKS = YES;
				GCC_OPTIMIZATION_LEVEL = 0;
				GCC_PREPROCESSOR_DEFINITIONS = (
					"DEBUG=1",
					"$(inherited)",
				);
				GCC_WARN_64_TO_32_BIT_CONVERSION = YES;
				GCC_WARN_ABOUT_RETURN_TYPE = YES_ERROR;
				GCC_WARN_UNDECLARED_SELECTOR = YES;
				GCC_WARN_UNINITIALIZED_AUTOS = YES_AGGRESSIVE;
				GCC_WARN_UNUSED_FUNCTION = YES;
				GCC_WARN_UNUSED_VARIABLE = YES;
				IPHONEOS_DEPLOYMENT_TARGET = 14.3;
				MTL_ENABLE_DEBUG_INFO = INCLUDE_SOURCE;
				MTL_FAST_MATH = YES;
				ONLY_ACTIVE_ARCH = YES;
				SDKROOT = iphoneos;
				SWIFT_ACTIVE_COMPILATION_CONDITIONS = DEBUG;
				SWIFT_OPTIMIZATION_LEVEL = "-Onone";
			};
			name = Debug;
		};
		1D599851259C52E600C40E57 /* Release */ = {
			isa = XCBuildConfiguration;
			buildSettings = {
				ALWAYS_SEARCH_USER_PATHS = NO;
				CLANG_ANALYZER_NONNULL = YES;
				CLANG_ANALYZER_NUMBER_OBJECT_CONVERSION = YES_AGGRESSIVE;
				CLANG_CXX_LANGUAGE_STANDARD = "gnu++14";
				CLANG_CXX_LIBRARY = "libc++";
				CLANG_ENABLE_MODULES = YES;
				CLANG_ENABLE_OBJC_ARC = YES;
				CLANG_ENABLE_OBJC_WEAK = YES;
				CLANG_WARN_BLOCK_CAPTURE_AUTORELEASING = YES;
				CLANG_WARN_BOOL_CONVERSION = YES;
				CLANG_WARN_COMMA = YES;
				CLANG_WARN_CONSTANT_CONVERSION = YES;
				CLANG_WARN_DEPRECATED_OBJC_IMPLEMENTATIONS = YES;
				CLANG_WARN_DIRECT_OBJC_ISA_USAGE = YES_ERROR;
				CLANG_WARN_DOCUMENTATION_COMMENTS = YES;
				CLANG_WARN_EMPTY_BODY = YES;
				CLANG_WARN_ENUM_CONVERSION = YES;
				CLANG_WARN_INFINITE_RECURSION = YES;
				CLANG_WARN_INT_CONVERSION = YES;
				CLANG_WARN_NON_LITERAL_NULL_CONVERSION = YES;
				CLANG_WARN_OBJC_IMPLICIT_RETAIN_SELF = YES;
				CLANG_WARN_OBJC_LITERAL_CONVERSION = YES;
				CLANG_WARN_OBJC_ROOT_CLASS = YES_ERROR;
				CLANG_WARN_QUOTED_INCLUDE_IN_FRAMEWORK_HEADER = YES;
				CLANG_WARN_RANGE_LOOP_ANALYSIS = YES;
				CLANG_WARN_STRICT_PROTOTYPES = YES;
				CLANG_WARN_SUSPICIOUS_MOVE = YES;
				CLANG_WARN_UNGUARDED_AVAILABILITY = YES_AGGRESSIVE;
				CLANG_WARN_UNREACHABLE_CODE = YES;
				CLANG_WARN__DUPLICATE_METHOD_MATCH = YES;
				COPY_PHASE_STRIP = NO;
				DEBUG_INFORMATION_FORMAT = "dwarf-with-dsym";
				ENABLE_NS_ASSERTIONS = NO;
				ENABLE_STRICT_OBJC_MSGSEND = YES;
				GCC_C_LANGUAGE_STANDARD = gnu11;
				GCC_NO_COMMON_BLOCKS = YES;
				GCC_WARN_64_TO_32_BIT_CONVERSION = YES;
				GCC_WARN_ABOUT_RETURN_TYPE = YES_ERROR;
				GCC_WARN_UNDECLARED_SELECTOR = YES;
				GCC_WARN_UNINITIALIZED_AUTOS = YES_AGGRESSIVE;
				GCC_WARN_UNUSED_FUNCTION = YES;
				GCC_WARN_UNUSED_VARIABLE = YES;
				IPHONEOS_DEPLOYMENT_TARGET = 14.3;
				MTL_ENABLE_DEBUG_INFO = NO;
				MTL_FAST_MATH = YES;
				SDKROOT = iphoneos;
				SWIFT_COMPILATION_MODE = wholemodule;
				SWIFT_OPTIMIZATION_LEVEL = "-O";
				VALIDATE_PRODUCT = YES;
			};
			name = Release;
		};
		1D599853259C52E600C40E57 /* Debug */ = {
			isa = XCBuildConfiguration;
			buildSettings = {
				ASSETCATALOG_COMPILER_APPICON_NAME = AppIcon;
				ASSETCATALOG_COMPILER_GLOBAL_ACCENT_COLOR_NAME = AccentColor;
				CODE_SIGN_STYLE = Automatic;
				DEVELOPMENT_ASSET_PATHS = "\"TreK/Preview Content\"";
				DEVELOPMENT_TEAM = K32SXVW94M;
				ENABLE_PREVIEWS = YES;
				INFOPLIST_FILE = TreK/Info.plist;
				IPHONEOS_DEPLOYMENT_TARGET = 14.0;
				LD_RUNPATH_SEARCH_PATHS = (
					"$(inherited)",
					"@executable_path/Frameworks",
				);
				PRODUCT_BUNDLE_IDENTIFIER = org.cybertrons.TreK;
				PRODUCT_NAME = "$(TARGET_NAME)";
				SWIFT_VERSION = 5.0;
				TARGETED_DEVICE_FAMILY = "1,2";
			};
			name = Debug;
		};
		1D599854259C52E600C40E57 /* Release */ = {
			isa = XCBuildConfiguration;
			buildSettings = {
				ASSETCATALOG_COMPILER_APPICON_NAME = AppIcon;
				ASSETCATALOG_COMPILER_GLOBAL_ACCENT_COLOR_NAME = AccentColor;
				CODE_SIGN_STYLE = Automatic;
				DEVELOPMENT_ASSET_PATHS = "\"TreK/Preview Content\"";
				DEVELOPMENT_TEAM = K32SXVW94M;
				ENABLE_PREVIEWS = YES;
				INFOPLIST_FILE = TreK/Info.plist;
				IPHONEOS_DEPLOYMENT_TARGET = 14.0;
				LD_RUNPATH_SEARCH_PATHS = (
					"$(inherited)",
					"@executable_path/Frameworks",
				);
				PRODUCT_BUNDLE_IDENTIFIER = org.cybertrons.TreK;
				PRODUCT_NAME = "$(TARGET_NAME)";
				SWIFT_VERSION = 5.0;
				TARGETED_DEVICE_FAMILY = "1,2";
			};
			name = Release;
		};
		1D599856259C52E600C40E57 /* Debug */ = {
			isa = XCBuildConfiguration;
			buildSettings = {
				ALWAYS_EMBED_SWIFT_STANDARD_LIBRARIES = YES;
				BUNDLE_LOADER = "$(TEST_HOST)";
				CODE_SIGN_STYLE = Automatic;
				DEVELOPMENT_TEAM = K32SXVW94M;
				INFOPLIST_FILE = TreKTests/Info.plist;
				IPHONEOS_DEPLOYMENT_TARGET = 14.0;
				LD_RUNPATH_SEARCH_PATHS = (
					"$(inherited)",
					"@executable_path/Frameworks",
					"@loader_path/Frameworks",
				);
				PRODUCT_BUNDLE_IDENTIFIER = org.cybertrons.TreKTests;
				PRODUCT_NAME = "$(TARGET_NAME)";
				SWIFT_VERSION = 5.0;
				TARGETED_DEVICE_FAMILY = "1,2";
				TEST_HOST = "$(BUILT_PRODUCTS_DIR)/TreK.app/TreK";
			};
			name = Debug;
		};
		1D599857259C52E600C40E57 /* Release */ = {
			isa = XCBuildConfiguration;
			buildSettings = {
				ALWAYS_EMBED_SWIFT_STANDARD_LIBRARIES = YES;
				BUNDLE_LOADER = "$(TEST_HOST)";
				CODE_SIGN_STYLE = Automatic;
				DEVELOPMENT_TEAM = K32SXVW94M;
				INFOPLIST_FILE = TreKTests/Info.plist;
				IPHONEOS_DEPLOYMENT_TARGET = 14.0;
				LD_RUNPATH_SEARCH_PATHS = (
					"$(inherited)",
					"@executable_path/Frameworks",
					"@loader_path/Frameworks",
				);
				PRODUCT_BUNDLE_IDENTIFIER = org.cybertrons.TreKTests;
				PRODUCT_NAME = "$(TARGET_NAME)";
				SWIFT_VERSION = 5.0;
				TARGETED_DEVICE_FAMILY = "1,2";
				TEST_HOST = "$(BUILT_PRODUCTS_DIR)/TreK.app/TreK";
			};
			name = Release;
		};
		1D599859259C52E600C40E57 /* Debug */ = {
			isa = XCBuildConfiguration;
			buildSettings = {
				ALWAYS_EMBED_SWIFT_STANDARD_LIBRARIES = YES;
				CODE_SIGN_STYLE = Automatic;
				DEVELOPMENT_TEAM = K32SXVW94M;
				INFOPLIST_FILE = TreKUITests/Info.plist;
				LD_RUNPATH_SEARCH_PATHS = (
					"$(inherited)",
					"@executable_path/Frameworks",
					"@loader_path/Frameworks",
				);
				PRODUCT_BUNDLE_IDENTIFIER = org.cybertrons.TreKUITests;
				PRODUCT_NAME = "$(TARGET_NAME)";
				SWIFT_VERSION = 5.0;
				TARGETED_DEVICE_FAMILY = "1,2";
				TEST_TARGET_NAME = TreK;
			};
			name = Debug;
		};
		1D59985A259C52E600C40E57 /* Release */ = {
			isa = XCBuildConfiguration;
			buildSettings = {
				ALWAYS_EMBED_SWIFT_STANDARD_LIBRARIES = YES;
				CODE_SIGN_STYLE = Automatic;
				DEVELOPMENT_TEAM = K32SXVW94M;
				INFOPLIST_FILE = TreKUITests/Info.plist;
				LD_RUNPATH_SEARCH_PATHS = (
					"$(inherited)",
					"@executable_path/Frameworks",
					"@loader_path/Frameworks",
				);
				PRODUCT_BUNDLE_IDENTIFIER = org.cybertrons.TreKUITests;
				PRODUCT_NAME = "$(TARGET_NAME)";
				SWIFT_VERSION = 5.0;
				TARGETED_DEVICE_FAMILY = "1,2";
				TEST_TARGET_NAME = TreK;
			};
			name = Release;
		};
/* End XCBuildConfiguration section */

/* Begin XCConfigurationList section */
		1D599828259C52E500C40E57 /* Build configuration list for PBXProject "TreK" */ = {
			isa = XCConfigurationList;
			buildConfigurations = (
				1D599850259C52E600C40E57 /* Debug */,
				1D599851259C52E600C40E57 /* Release */,
			);
			defaultConfigurationIsVisible = 0;
			defaultConfigurationName = Release;
		};
		1D599852259C52E600C40E57 /* Build configuration list for PBXNativeTarget "TreK" */ = {
			isa = XCConfigurationList;
			buildConfigurations = (
				1D599853259C52E600C40E57 /* Debug */,
				1D599854259C52E600C40E57 /* Release */,
			);
			defaultConfigurationIsVisible = 0;
			defaultConfigurationName = Release;
		};
		1D599855259C52E600C40E57 /* Build configuration list for PBXNativeTarget "TreKTests" */ = {
			isa = XCConfigurationList;
			buildConfigurations = (
				1D599856259C52E600C40E57 /* Debug */,
				1D599857259C52E600C40E57 /* Release */,
			);
			defaultConfigurationIsVisible = 0;
			defaultConfigurationName = Release;
		};
		1D599858259C52E600C40E57 /* Build configuration list for PBXNativeTarget "TreKUITests" */ = {
			isa = XCConfigurationList;
			buildConfigurations = (
				1D599859259C52E600C40E57 /* Debug */,
				1D59985A259C52E600C40E57 /* Release */,
			);
			defaultConfigurationIsVisible = 0;
			defaultConfigurationName = Release;
		};
/* End XCConfigurationList section */
	};
	rootObject = 1D599825259C52E500C40E57 /* Project object */;
}
